<?xml version="1.0" encoding="utf-8"?>
<Project ToolsVersion="4.0" xmlns="http://schemas.microsoft.com/developer/msbuild/2003">
  <ItemGroup>
    <Filter Include="源文件">
      <UniqueIdentifier>{4FC737F1-C7A5-4376-A066-2A32D752A2FF}</UniqueIdentifier>
      <Extensions>cpp;c;cc;cxx;c++;cppm;ixx;def;odl;idl;hpj;bat;asm;asmx</Extensions>
    </Filter>
    <Filter Include="头文件">
      <UniqueIdentifier>{93995380-89BD-4b04-88EB-625FBE52EBFB}</UniqueIdentifier>
      <Extensions>h;hh;hpp;hxx;h++;hm;inl;inc;ipp;xsd</Extensions>
    </Filter>
    <Filter Include="资源文件">
      <UniqueIdentifier>{67DA6AB6-F800-4c08-8B7A-83BB121AAD01}</UniqueIdentifier>
      <Extensions>rc;ico;cur;bmp;dlg;rc2;rct;bin;rgs;gif;jpg;jpeg;jpe;resx;tiff;tif;png;wav;mfcribbon-ms</Extensions>
    </Filter>
  </ItemGroup>
  <ItemGroup>
    <ClCompile Include="其它文件\Main.cpp">
      <Filter>源文件</Filter>
    </ClCompile>
    <ClCompile Include="数据结构代码\线性表\1.线性表的顺序存储.cpp">
      <Filter>源文件</Filter>
    </ClCompile>
    <ClCompile Include="数据结构代码\线性表\2.4链表修改版.cpp">
      <Filter>源文件</Filter>
    </ClCompile>
    <ClCompile Include="数据结构代码\线性表\2.1线性表的链式存储-单链表.cpp">
      <Filter>源文件</Filter>
    </ClCompile>
    <ClCompile Include="数据结构代码\线性表\2.2线性表的链式存储-循环链表.cpp">
      <Filter>源文件</Filter>
    </ClCompile>
    <ClCompile Include="数据结构代码\线性表\2.3线性表的链式存储-双向链表.cpp">
      <Filter>源文件</Filter>
    </ClCompile>
    <ClCompile Include="数据结构代码\栈和队列\3.1顺序栈.cpp">
      <Filter>源文件</Filter>
    </ClCompile>
    <ClCompile Include="数据结构代码\栈和队列\3.2链式栈.cpp">
      <Filter>源文件</Filter>
    </ClCompile>
    <ClCompile Include="数据结构代码\栈和队列\3.3链队列.cpp">
      <Filter>源文件</Filter>
    </ClCompile>
    <ClCompile Include="数据结构代码\栈和队列\3.4循环队列.cpp">
      <Filter>源文件</Filter>
    </ClCompile>
    <ClCompile Include="数据结构代码\串\4.1KMP字符串模式匹配算法.cpp">
      <Filter>源文件</Filter>
    </ClCompile>
    <ClCompile Include="数据结构代码\数组和广义表\5.1普通矩阵.cpp">
      <Filter>源文件</Filter>
    </ClCompile>
    <ClCompile Include="数据结构代码\数组和广义表\5.2特殊矩阵-对称矩阵.cpp">
      <Filter>源文件</Filter>
    </ClCompile>
    <ClCompile Include="数据结构代码\数组和广义表\5.3特殊矩阵-三角矩阵.cpp">
      <Filter>源文件</Filter>
    </ClCompile>
    <ClCompile Include="数据结构代码\数组和广义表\5.4特殊矩阵-对角矩阵.cpp">
      <Filter>源文件</Filter>
    </ClCompile>
    <ClCompile Include="数据结构代码\数组和广义表\5.5 稀疏矩阵.cpp">
      <Filter>源文件</Filter>
    </ClCompile>
    <ClCompile Include="数据结构代码\树\6.1 顺序存储二叉树.cpp">
      <Filter>源文件</Filter>
    </ClCompile>
    <ClCompile Include="数据结构代码\树\6.2 二叉链表.cpp">
      <Filter>源文件</Filter>
    </ClCompile>
    <ClCompile Include="数据结构代码\树\6.3.1 线索二叉树-中序遍历.cpp">
      <Filter>源文件</Filter>
    </ClCompile>
    <ClCompile Include="数据结构代码\树\6.3.2 线索二叉树-先序遍历.cpp">
      <Filter>源文件</Filter>
    </ClCompile>
    <ClCompile Include="数据结构代码\树\6.3.3 线索二叉树-后序遍历.cpp">
      <Filter>源文件</Filter>
    </ClCompile>
  </ItemGroup>
  <ItemGroup>
    <Image Include="其它文件\矩阵转置算法%28简单+快速%29.png">
      <Filter>资源文件</Filter>
    </Image>
  </ItemGroup>
  <ItemGroup>
    <None Include="数据结构代码\数组和广义表\5.6 引用数法广义表.cpp">
      <Filter>源文件</Filter>
    </None>
  </ItemGroup>
</Project>